
Microsoft Visual Studio Solution File, Format Version 12.00
# Visual Studio Version 16
VisualStudioVersion = 16.0.30717.126
MinimumVisualStudioVersion = 10.0.40219.1
Project("{FAE04EC0-301F-11D3-BF4B-00C04F79EFBC}") = "northwind", "northwind\northwind.csproj", "{7CC3A357-09B3-4FAB-B65C-995D450807C8}"
EndProject
Global
	GlobalSection(SolutionConfigurationPlatforms) = preSolution
		Debug|Any CPU = Debug|Any CPU
		Release|Any CPU = Release|Any CPU
	EndGlobalSection
	GlobalSection(ProjectConfigurationPlatforms) = postSolution
		{7CC3A357-09B3-4FAB-B65C-995D450807C8}.Debug|Any CPU.ActiveCfg = Debug|Any CPU
		{7CC3A357-09B3-4FAB-B65C-995D450807C8}.Debug|Any CPU.Build.0 = Debug|Any CPU
		{7CC3A357-09B3-4FAB-B65C-995D450807C8}.Release|Any CPU.ActiveCfg = Release|Any CPU
		{7CC3A357-09B3-4FAB-B65C-995D450807C8}.Release|Any CPU.Build.0 = Release|Any CPU
	EndGlobalSection
	GlobalSection(SolutionProperties) = preSolution
		HideSolutionNode = FALSE
	EndGlobalSection
	GlobalSection(ExtensibilityGlobals) = postSolution
		SolutionGuid = {6E007BC2-1885-45D5-B00E-6D3ED5E2947F}
	EndGlobalSection
EndGlobal
